
Microsoft Visual Studio Solution File, Format Version 12.00
# Visual Studio 14
VisualStudioVersion = 14.0.25123.0
MinimumVisualStudioVersion = 10.0.40219.1
Project("{2150E333-8FDC-42A3-9474-1A3956D46DE8}") = "src", "src", "{77DB118D-F8EB-49BA-89E9-BD93D8122E54}"
EndProject
Project("{2150E333-8FDC-42A3-9474-1A3956D46DE8}") = "Solution Items", "Solution Items", "{CC7F2BB2-AA78-4F9C-B3EB-C56FCC623F4E}"
	ProjectSection(SolutionItems) = preProject
		global.json = global.json
	EndProjectSection
EndProject
Project("{8BB2217D-0F2D-49D1-97BC-3654ED321F3B}") = "AspCoreApp", "src\AspCoreApp\AspCoreApp.xproj", "{FEFE24F3-D9E8-497D-8780-C9258324F203}"
EndProject
Global
	GlobalSection(SolutionConfigurationPlatforms) = preSolution
		Debug|Any CPU = Debug|Any CPU
		Release|Any CPU = Release|Any CPU
	EndGlobalSection
	GlobalSection(ProjectConfigurationPlatforms) = postSolution
		{FEFE24F3-D9E8-497D-8780-C9258324F203}.Debug|Any CPU.ActiveCfg = Debug|Any CPU
		{FEFE24F3-D9E8-497D-8780-C9258324F203}.Debug|Any CPU.Build.0 = Debug|Any CPU
		{FEFE24F3-D9E8-497D-8780-C9258324F203}.Release|Any CPU.ActiveCfg = Release|Any CPU
		{FEFE24F3-D9E8-497D-8780-C9258324F203}.Release|Any CPU.Build.0 = Release|Any CPU
	EndGlobalSection
	GlobalSection(SolutionProperties) = preSolution
		HideSolutionNode = FALSE
	EndGlobalSection
	GlobalSection(NestedProjects) = preSolution
		{FEFE24F3-D9E8-497D-8780-C9258324F203} = {77DB118D-F8EB-49BA-89E9-BD93D8122E54}
	EndGlobalSection
EndGlobal
